
Microsoft Visual Studio Solution File, Format Version 12.00
# Visual Studio Version 16
VisualStudioVersion = 16.0.32228.343
MinimumVisualStudioVersion = 10.0.40219.1
Project("{FAE04EC0-301F-11D3-BF4B-00C04F79EFBC}") = "DateTimeAssignment11", "DateTimeAssignment11.csproj", "{70664778-2D6B-41E1-A94E-E21C2DE6D2AB}"
EndProject
Global
	GlobalSection(SolutionConfigurationPlatforms) = preSolution
		Debug|Any CPU = Debug|Any CPU
		Release|Any CPU = Release|Any CPU
	EndGlobalSection
	GlobalSection(ProjectConfigurationPlatforms) = postSolution
		{70664778-2D6B-41E1-A94E-E21C2DE6D2AB}.Debug|Any CPU.ActiveCfg = Debug|Any CPU
		{70664778-2D6B-41E1-A94E-E21C2DE6D2AB}.Debug|Any CPU.Build.0 = Debug|Any CPU
		{70664778-2D6B-41E1-A94E-E21C2DE6D2AB}.Release|Any CPU.ActiveCfg = Release|Any CPU
		{70664778-2D6B-41E1-A94E-E21C2DE6D2AB}.Release|Any CPU.Build.0 = Release|Any CPU
	EndGlobalSection
	GlobalSection(SolutionProperties) = preSolution
		HideSolutionNode = FALSE
	EndGlobalSection
	GlobalSection(ExtensibilityGlobals) = postSolution
		SolutionGuid = {CE0F46F7-1009-4794-8F77-B5B094C1E8D1}
	EndGlobalSection
EndGlobal
