
Microsoft Visual Studio Solution File, Format Version 12.00
# Visual Studio Version 16
VisualStudioVersion = 16.0.32228.343
MinimumVisualStudioVersion = 10.0.40219.1
Project("{FAE04EC0-301F-11D3-BF4B-00C04F79EFBC}") = "ConsoleMathematicOperations", "ConsoleMathematicOperations.csproj", "{900229A0-A302-44AA-8DAB-5FE22A3BA387}"
EndProject
Global
	GlobalSection(SolutionConfigurationPlatforms) = preSolution
		Debug|Any CPU = Debug|Any CPU
		Release|Any CPU = Release|Any CPU
	EndGlobalSection
	GlobalSection(ProjectConfigurationPlatforms) = postSolution
		{900229A0-A302-44AA-8DAB-5FE22A3BA387}.Debug|Any CPU.ActiveCfg = Debug|Any CPU
		{900229A0-A302-44AA-8DAB-5FE22A3BA387}.Debug|Any CPU.Build.0 = Debug|Any CPU
		{900229A0-A302-44AA-8DAB-5FE22A3BA387}.Release|Any CPU.ActiveCfg = Release|Any CPU
		{900229A0-A302-44AA-8DAB-5FE22A3BA387}.Release|Any CPU.Build.0 = Release|Any CPU
	EndGlobalSection
	GlobalSection(SolutionProperties) = preSolution
		HideSolutionNode = FALSE
	EndGlobalSection
	GlobalSection(ExtensibilityGlobals) = postSolution
		SolutionGuid = {D6CE56D2-065D-46F4-B6EF-F913FF305F85}
	EndGlobalSection
EndGlobal
