
Microsoft Visual Studio Solution File, Format Version 12.00
# Visual Studio Version 16
VisualStudioVersion = 16.0.32228.343
MinimumVisualStudioVersion = 10.0.40219.1
Project("{FAE04EC0-301F-11D3-BF4B-00C04F79EFBC}") = "AccountingConsole", "AccountingConsole.csproj", "{285387F6-AC19-42FC-B340-057F0BB3A27C}"
EndProject
Global
	GlobalSection(SolutionConfigurationPlatforms) = preSolution
		Debug|Any CPU = Debug|Any CPU
		Release|Any CPU = Release|Any CPU
	EndGlobalSection
	GlobalSection(ProjectConfigurationPlatforms) = postSolution
		{285387F6-AC19-42FC-B340-057F0BB3A27C}.Debug|Any CPU.ActiveCfg = Debug|Any CPU
		{285387F6-AC19-42FC-B340-057F0BB3A27C}.Debug|Any CPU.Build.0 = Debug|Any CPU
		{285387F6-AC19-42FC-B340-057F0BB3A27C}.Release|Any CPU.ActiveCfg = Release|Any CPU
		{285387F6-AC19-42FC-B340-057F0BB3A27C}.Release|Any CPU.Build.0 = Release|Any CPU
	EndGlobalSection
	GlobalSection(SolutionProperties) = preSolution
		HideSolutionNode = FALSE
	EndGlobalSection
	GlobalSection(ExtensibilityGlobals) = postSolution
		SolutionGuid = {9B71C871-C0C7-4C14-98AE-D7976B0A1C74}
	EndGlobalSection
EndGlobal
