
Microsoft Visual Studio Solution File, Format Version 12.00
# Visual Studio Version 17
VisualStudioVersion = 17.1.32407.343
MinimumVisualStudioVersion = 10.0.40219.1
Project("{FAE04EC0-301F-11D3-BF4B-00C04F79EFBC}") = "ShowTheServerTimeWebApp", "ShowTheServerTimeWebApp\ShowTheServerTimeWebApp.csproj", "{1DE4925F-17B0-4FAD-8403-E4922A798EC1}"
EndProject
Global
	GlobalSection(SolutionConfigurationPlatforms) = preSolution
		Debug|Any CPU = Debug|Any CPU
		Release|Any CPU = Release|Any CPU
	EndGlobalSection
	GlobalSection(ProjectConfigurationPlatforms) = postSolution
		{1DE4925F-17B0-4FAD-8403-E4922A798EC1}.Debug|Any CPU.ActiveCfg = Debug|Any CPU
		{1DE4925F-17B0-4FAD-8403-E4922A798EC1}.Debug|Any CPU.Build.0 = Debug|Any CPU
		{1DE4925F-17B0-4FAD-8403-E4922A798EC1}.Release|Any CPU.ActiveCfg = Release|Any CPU
		{1DE4925F-17B0-4FAD-8403-E4922A798EC1}.Release|Any CPU.Build.0 = Release|Any CPU
	EndGlobalSection
	GlobalSection(SolutionProperties) = preSolution
		HideSolutionNode = FALSE
	EndGlobalSection
	GlobalSection(ExtensibilityGlobals) = postSolution
		SolutionGuid = {A5F6E9D7-866C-477B-8E22-D82EF86ACDEB}
	EndGlobalSection
EndGlobal
