
Microsoft Visual Studio Solution File, Format Version 12.00
# Visual Studio Version 16
VisualStudioVersion = 16.0.32228.343
MinimumVisualStudioVersion = 10.0.40219.1
Project("{FAE04EC0-301F-11D3-BF4B-00C04F79EFBC}") = "CarInsurance", "CarInsurance.csproj", "{9FF1E957-9449-4461-9AA4-485C03BBD3A8}"
EndProject
Global
	GlobalSection(SolutionConfigurationPlatforms) = preSolution
		Debug|Any CPU = Debug|Any CPU
		Release|Any CPU = Release|Any CPU
	EndGlobalSection
	GlobalSection(ProjectConfigurationPlatforms) = postSolution
		{9FF1E957-9449-4461-9AA4-485C03BBD3A8}.Debug|Any CPU.ActiveCfg = Debug|Any CPU
		{9FF1E957-9449-4461-9AA4-485C03BBD3A8}.Debug|Any CPU.Build.0 = Debug|Any CPU
		{9FF1E957-9449-4461-9AA4-485C03BBD3A8}.Release|Any CPU.ActiveCfg = Release|Any CPU
		{9FF1E957-9449-4461-9AA4-485C03BBD3A8}.Release|Any CPU.Build.0 = Release|Any CPU
	EndGlobalSection
	GlobalSection(SolutionProperties) = preSolution
		HideSolutionNode = FALSE
	EndGlobalSection
	GlobalSection(ExtensibilityGlobals) = postSolution
		SolutionGuid = {5637CFA2-F2F7-4A0D-8B16-239527AF4817}
	EndGlobalSection
EndGlobal
