
Microsoft Visual Studio Solution File, Format Version 12.00
# Visual Studio Version 17
VisualStudioVersion = 17.1.32407.343
MinimumVisualStudioVersion = 10.0.40219.1
Project("{FAE04EC0-301F-11D3-BF4B-00C04F79EFBC}") = "StudentCRUDApp", "StudentCRUDApp\StudentCRUDApp.csproj", "{8CFB4FD1-3CDE-4EC5-9161-D70FCD14C7DF}"
EndProject
Global
	GlobalSection(SolutionConfigurationPlatforms) = preSolution
		Debug|Any CPU = Debug|Any CPU
		Release|Any CPU = Release|Any CPU
	EndGlobalSection
	GlobalSection(ProjectConfigurationPlatforms) = postSolution
		{8CFB4FD1-3CDE-4EC5-9161-D70FCD14C7DF}.Debug|Any CPU.ActiveCfg = Debug|Any CPU
		{8CFB4FD1-3CDE-4EC5-9161-D70FCD14C7DF}.Debug|Any CPU.Build.0 = Debug|Any CPU
		{8CFB4FD1-3CDE-4EC5-9161-D70FCD14C7DF}.Release|Any CPU.ActiveCfg = Release|Any CPU
		{8CFB4FD1-3CDE-4EC5-9161-D70FCD14C7DF}.Release|Any CPU.Build.0 = Release|Any CPU
	EndGlobalSection
	GlobalSection(SolutionProperties) = preSolution
		HideSolutionNode = FALSE
	EndGlobalSection
	GlobalSection(ExtensibilityGlobals) = postSolution
		SolutionGuid = {E8A01CE8-6F7B-474D-8E38-B12BA982D353}
	EndGlobalSection
EndGlobal
