
Microsoft Visual Studio Solution File, Format Version 12.00
# Visual Studio Version 16
VisualStudioVersion = 16.0.32228.343
MinimumVisualStudioVersion = 10.0.40219.1
Project("{FAE04EC0-301F-11D3-BF4B-00C04F79EFBC}") = "LambdaSubmissionAssignment9", "LambdaSubmissionAssignment9.csproj", "{5590A8D0-2D65-49AE-BBC9-4E88F488EC96}"
EndProject
Global
	GlobalSection(SolutionConfigurationPlatforms) = preSolution
		Debug|Any CPU = Debug|Any CPU
		Release|Any CPU = Release|Any CPU
	EndGlobalSection
	GlobalSection(ProjectConfigurationPlatforms) = postSolution
		{5590A8D0-2D65-49AE-BBC9-4E88F488EC96}.Debug|Any CPU.ActiveCfg = Debug|Any CPU
		{5590A8D0-2D65-49AE-BBC9-4E88F488EC96}.Debug|Any CPU.Build.0 = Debug|Any CPU
		{5590A8D0-2D65-49AE-BBC9-4E88F488EC96}.Release|Any CPU.ActiveCfg = Release|Any CPU
		{5590A8D0-2D65-49AE-BBC9-4E88F488EC96}.Release|Any CPU.Build.0 = Release|Any CPU
	EndGlobalSection
	GlobalSection(SolutionProperties) = preSolution
		HideSolutionNode = FALSE
	EndGlobalSection
	GlobalSection(ExtensibilityGlobals) = postSolution
		SolutionGuid = {91AB806A-E761-454B-8545-034056587F56}
	EndGlobalSection
EndGlobal
