
Microsoft Visual Studio Solution File, Format Version 12.00
# Visual Studio Version 16
VisualStudioVersion = 16.0.32228.343
MinimumVisualStudioVersion = 10.0.40219.1
Project("{FAE04EC0-301F-11D3-BF4B-00C04F79EFBC}") = "ParsingEnumsAssignment7", "ParsingEnumsAssignment7.csproj", "{6B687D63-B61D-4531-83D8-0DE68C31A715}"
EndProject
Global
	GlobalSection(SolutionConfigurationPlatforms) = preSolution
		Debug|Any CPU = Debug|Any CPU
		Release|Any CPU = Release|Any CPU
	EndGlobalSection
	GlobalSection(ProjectConfigurationPlatforms) = postSolution
		{6B687D63-B61D-4531-83D8-0DE68C31A715}.Debug|Any CPU.ActiveCfg = Debug|Any CPU
		{6B687D63-B61D-4531-83D8-0DE68C31A715}.Debug|Any CPU.Build.0 = Debug|Any CPU
		{6B687D63-B61D-4531-83D8-0DE68C31A715}.Release|Any CPU.ActiveCfg = Release|Any CPU
		{6B687D63-B61D-4531-83D8-0DE68C31A715}.Release|Any CPU.Build.0 = Release|Any CPU
	EndGlobalSection
	GlobalSection(SolutionProperties) = preSolution
		HideSolutionNode = FALSE
	EndGlobalSection
	GlobalSection(ExtensibilityGlobals) = postSolution
		SolutionGuid = {D60072D5-2490-4391-B176-D7E8FC55BD55}
	EndGlobalSection
EndGlobal
